
Microsoft Visual Studio Solution File, Format Version 12.00
# Visual Studio 15
VisualStudioVersion = 15.0.27130.2010
MinimumVisualStudioVersion = 10.0.40219.1
Project("{FAE04EC0-301F-11D3-BF4B-00C04F79EFBC}") = "UI", "UI\UI.csproj", "{5A145482-1250-4391-A648-D1303A05C7FA}"
EndProject
Global
	GlobalSection(SolutionConfigurationPlatforms) = preSolution
		Debug|Any CPU = Debug|Any CPU
		Release|Any CPU = Release|Any CPU
	EndGlobalSection
	GlobalSection(ProjectConfigurationPlatforms) = postSolution
		{5A145482-1250-4391-A648-D1303A05C7FA}.Debug|Any CPU.ActiveCfg = Debug|Any CPU
		{5A145482-1250-4391-A648-D1303A05C7FA}.Debug|Any CPU.Build.0 = Debug|Any CPU
		{5A145482-1250-4391-A648-D1303A05C7FA}.Release|Any CPU.ActiveCfg = Release|Any CPU
		{5A145482-1250-4391-A648-D1303A05C7FA}.Release|Any CPU.Build.0 = Release|Any CPU
	EndGlobalSection
	GlobalSection(SolutionProperties) = preSolution
		HideSolutionNode = FALSE
	EndGlobalSection
	GlobalSection(ExtensibilityGlobals) = postSolution
		SolutionGuid = {EF6A0BFE-D4BA-4E23-8E4B-ABFDA0E025D7}
	EndGlobalSection
EndGlobal
